{
  "name": "TalkTrove",
  "lockfileVersion": 2,
  "requires": true,
  "packages": {
    "": {
      "dependencies": {
        "@chainlink/contracts-ccip": "^0.0.0"
      }
    },
    "node_modules/@chainlink/contracts-ccip": {
      "version": "0.0.0",
      "resolved": "https://registry.npmjs.org/@chainlink/contracts-ccip/-/contracts-ccip-0.0.0.tgz",
      "integrity": "sha512-BrfnXyI23fls3fnxQdp1aN/cgmPX/CMh6LoZR7MoydCQGyJV2dmAV4izocF9TQGiVH1ml3hpkUWXx51HzGwkkQ==",
      "deprecated": "this package has been deprecated"
    }
  },
  "dependencies": {
    "@chainlink/contracts-ccip": {
      "version": "0.0.0",
      "resolved": "https://registry.npmjs.org/@chainlink/contracts-ccip/-/contracts-ccip-0.0.0.tgz",
      "integrity": "sha512-BrfnXyI23fls3fnxQdp1aN/cgmPX/CMh6LoZR7MoydCQGyJV2dmAV4izocF9TQGiVH1ml3hpkUWXx51HzGwkkQ=="
    }
  }
}
